// !$*UTF8*$!
{
	archiveVersion = 1;
	classes = {
	};
	objectVersion = 50;
	objects = {

/* Begin PBXBuildFile section */
		B87C8D6023BEFFFD00997F70 /* AppDelegate.swift in Sources */ = {isa = PBXBuildFile; fileRef = B87C8D5F23BEFFFD00997F70 /* AppDelegate.swift */; };
		B87C8D6223BEFFFD00997F70 /* SceneDelegate.swift in Sources */ = {isa = PBXBuildFile; fileRef = B87C8D6123BEFFFD00997F70 /* SceneDelegate.swift */; };
		B87C8D6423BEFFFD00997F70 /* ViewController.swift in Sources */ = {isa = PBXBuildFile; fileRef = B87C8D6323BEFFFD00997F70 /* ViewController.swift */; };
		B87C8D6723BEFFFD00997F70 /* Main.storyboard in Resources */ = {isa = PBXBuildFile; fileRef = B87C8D6523BEFFFD00997F70 /* Main.storyboard */; };
		B87C8D6923BEFFFE00997F70 /* Assets.xcassets in Resources */ = {isa = PBXBuildFile; fileRef = B87C8D6823BEFFFE00997F70 /* Assets.xcassets */; };
		B87C8D6C23BEFFFE00997F70 /* LaunchScreen.storyboard in Resources */ = {isa = PBXBuildFile; fileRef = B87C8D6A23BEFFFE00997F70 /* LaunchScreen.storyboard */; };
		B87C8D7423BF016C00997F70 /* PlaceTableViewCell.swift in Sources */ = {isa = PBXBuildFile; fileRef = B87C8D7323BF016C00997F70 /* PlaceTableViewCell.swift */; };
		B87C8D7623BF01A700997F70 /* FoursquareModel.swift in Sources */ = {isa = PBXBuildFile; fileRef = B87C8D7523BF01A700997F70 /* FoursquareModel.swift */; };
/* End PBXBuildFile section */

/* Begin PBXFileReference section */
		B87C8D5C23BEFFFD00997F70 /* Foursquare.app */ = {isa = PBXFileReference; explicitFileType = wrapper.application; includeInIndex = 0; path = Foursquare.app; sourceTree = BUILT_PRODUCTS_DIR; };
		B87C8D5F23BEFFFD00997F70 /* AppDelegate.swift */ = {isa = PBXFileReference; lastKnownFileType = sourcecode.swift; path = AppDelegate.swift; sourceTree = "<group>"; };
		B87C8D6123BEFFFD00997F70 /* SceneDelegate.swift */ = {isa = PBXFileReference; lastKnownFileType = sourcecode.swift; path = SceneDelegate.swift; sourceTree = "<group>"; };
		B87C8D6323BEFFFD00997F70 /* ViewController.swift */ = {isa = PBXFileReference; lastKnownFileType = sourcecode.swift; path = ViewController.swift; sourceTree = "<group>"; };
		B87C8D6623BEFFFD00997F70 /* Base */ = {isa = PBXFileReference; lastKnownFileType = file.storyboard; name = Base; path = Base.lproj/Main.storyboard; sourceTree = "<group>"; };
		B87C8D6823BEFFFE00997F70 /* Assets.xcassets */ = {isa = PBXFileReference; lastKnownFileType = folder.assetcatalog; path = Assets.xcassets; sourceTree = "<group>"; };
		B87C8D6B23BEFFFE00997F70 /* Base */ = {isa = PBXFileReference; lastKnownFileType = file.storyboard; name = Base; path = Base.lproj/LaunchScreen.storyboard; sourceTree = "<group>"; };
		B87C8D6D23BEFFFE00997F70 /* Info.plist */ = {isa = PBXFileReference; lastKnownFileType = text.plist.xml; path = Info.plist; sourceTree = "<group>"; };
		B87C8D7323BF016C00997F70 /* PlaceTableViewCell.swift */ = {isa = PBXFileReference; lastKnownFileType = sourcecode.swift; path = PlaceTableViewCell.swift; sourceTree = "<group>"; };
		B87C8D7523BF01A700997F70 /* FoursquareModel.swift */ = {isa = PBXFileReference; lastKnownFileType = sourcecode.swift; path = FoursquareModel.swift; sourceTree = "<group>"; };
/* End PBXFileReference section */

/* Begin PBXFrameworksBuildPhase section */
		B87C8D5923BEFFFD00997F70 /* Frameworks */ = {
			isa = PBXFrameworksBuildPhase;
			buildActionMask = 2147483647;
			files = (
			);
			runOnlyForDeploymentPostprocessing = 0;
		};
/* End PBXFrameworksBuildPhase section */

/* Begin PBXGroup section */
		B87C8D5323BEFFFD00997F70 = {
			isa = PBXGroup;
			children = (
				B87C8D5E23BEFFFD00997F70 /* Foursquare */,
				B87C8D5D23BEFFFD00997F70 /* Products */,
			);
			sourceTree = "<group>";
		};
		B87C8D5D23BEFFFD00997F70 /* Products */ = {
			isa = PBXGroup;
			children = (
				B87C8D5C23BEFFFD00997F70 /* Foursquare.app */,
			);
			name = Products;
			sourceTree = "<group>";
		};
		B87C8D5E23BEFFFD00997F70 /* Foursquare */ = {
			isa = PBXGroup;
			children = (
				B87C8D5F23BEFFFD00997F70 /* AppDelegate.swift */,
				B87C8D6123BEFFFD00997F70 /* SceneDelegate.swift */,
				B87C8D7523BF01A700997F70 /* FoursquareModel.swift */,
				B87C8D6323BEFFFD00997F70 /* ViewController.swift */,
				B87C8D7323BF016C00997F70 /* PlaceTableViewCell.swift */,
				B87C8D6523BEFFFD00997F70 /* Main.storyboard */,
				B87C8D6823BEFFFE00997F70 /* Assets.xcassets */,
				B87C8D6A23BEFFFE00997F70 /* LaunchScreen.storyboard */,
				B87C8D6D23BEFFFE00997F70 /* Info.plist */,
			);
			path = Foursquare;
			sourceTree = "<group>";
		};
/* End PBXGroup section */

/* Begin PBXNativeTarget section */
		B87C8D5B23BEFFFD00997F70 /* Foursquare */ = {
			isa = PBXNativeTarget;
			buildConfigurationList = B87C8D7023BEFFFE00997F70 /* Build configuration list for PBXNativeTarget "Foursquare" */;
			buildPhases = (
				B87C8D5823BEFFFD00997F70 /* Sources */,
				B87C8D5923BEFFFD00997F70 /* Frameworks */,
				B87C8D5A23BEFFFD00997F70 /* Resources */,
			);
			buildRules = (
			);
			dependencies = (
			);
			name = Foursquare;
			productName = Foursquare;
			productReference = B87C8D5C23BEFFFD00997F70 /* Foursquare.app */;
			productType = "com.apple.product-type.application";
		};
/* End PBXNativeTarget section */

/* Begin PBXProject section */
		B87C8D5423BEFFFD00997F70 /* Project object */ = {
			isa = PBXProject;
			attributes = {
				LastSwiftUpdateCheck = 1130;
				LastUpgradeCheck = 1130;
				ORGANIZATIONNAME = "iMac 2017 21.5\" Retina 4K";
				TargetAttributes = {
					B87C8D5B23BEFFFD00997F70 = {
						CreatedOnToolsVersion = 11.3;
					};
				};
			};
			buildConfigurationList = B87C8D5723BEFFFD00997F70 /* Build configuration list for PBXProject "Foursquare" */;
			compatibilityVersion = "Xcode 9.3";
			developmentRegion = en;
			hasScannedForEncodings = 0;
			knownRegions = (
				en,
				Base,
			);
			mainGroup = B87C8D5323BEFFFD00997F70;
			productRefGroup = B87C8D5D23BEFFFD00997F70 /* Products */;
			projectDirPath = "";
			projectRoot = "";
			targets = (
				B87C8D5B23BEFFFD00997F70 /* Foursquare */,
			);
		};
/* End PBXProject section */

/* Begin PBXResourcesBuildPhase section */
		B87C8D5A23BEFFFD00997F70 /* Resources */ = {
			isa = PBXResourcesBuildPhase;
			buildActionMask = 2147483647;
			files = (
				B87C8D6C23BEFFFE00997F70 /* LaunchScreen.storyboard in Resources */,
				B87C8D6923BEFFFE00997F70 /* Assets.xcassets in Resources */,
				B87C8D6723BEFFFD00997F70 /* Main.storyboard in Resources */,
			);
			runOnlyForDeploymentPostprocessing = 0;
		};
/* End PBXResourcesBuildPhase section */

/* Begin PBXSourcesBuildPhase section */
		B87C8D5823BEFFFD00997F70 /* Sources */ = {
			isa = PBXSourcesBuildPhase;
			buildActionMask = 2147483647;
			files = (
				B87C8D6423BEFFFD00997F70 /* ViewController.swift in Sources */,
				B87C8D6023BEFFFD00997F70 /* AppDelegate.swift in Sources */,
				B87C8D7623BF01A700997F70 /* FoursquareModel.swift in Sources */,
				B87C8D6223BEFFFD00997F70 /* SceneDelegate.swift in Sources */,
				B87C8D7423BF016C00997F70 /* PlaceTableViewCell.swift in Sources */,
			);
			runOnlyForDeploymentPostprocessing = 0;
		};
/* End PBXSourcesBuildPhase section */

/* Begin PBXVariantGroup section */
		B87C8D6523BEFFFD00997F70 /* Main.storyboard */ = {
			isa = PBXVariantGroup;
			children = (
				B87C8D6623BEFFFD00997F70 /* Base */,
			);
			name = Main.storyboard;
			sourceTree = "<group>";
		};
		B87C8D6A23BEFFFE00997F70 /* LaunchScreen.storyboard */ = {
			isa = PBXVariantGroup;
			children = (
				B87C8D6B23BEFFFE00997F70 /* Base */,
			);
			name = LaunchScreen.storyboard;
			sourceTree = "<group>";
		};
/* End PBXVariantGroup section */

/* Begin XCBuildConfiguration section */
		B87C8D6E23BEFFFE00997F70 /* Debug */ = {
			isa = XCBuildConfiguration;
			buildSettings = {
				ALWAYS_SEARCH_USER_PATHS = NO;
				CLANG_ANALYZER_NONNULL = YES;
				CLANG_ANALYZER_NUMBER_OBJECT_CONVERSION = YES_AGGRESSIVE;
				CLANG_CXX_LANGUAGE_STANDARD = "gnu++14";
				CLANG_CXX_LIBRARY = "libc++";
				CLANG_ENABLE_MODULES = YES;
				CLANG_ENABLE_OBJC_ARC = YES;
				CLANG_ENABLE_OBJC_WEAK = YES;
				CLANG_WARN_BLOCK_CAPTURE_AUTORELEASING = YES;
				CLANG_WARN_BOOL_CONVERSION = YES;
				CLANG_WARN_COMMA = YES;
				CLANG_WARN_CONSTANT_CONVERSION = YES;
				CLANG_WARN_DEPRECATED_OBJC_IMPLEMENTATIONS = YES;
				CLANG_WARN_DIRECT_OBJC_ISA_USAGE = YES_ERROR;
				CLANG_WARN_DOCUMENTATION_COMMENTS = YES;
				CLANG_WARN_EMPTY_BODY = YES;
				CLANG_WARN_ENUM_CONVERSION = YES;
				CLANG_WARN_INFINITE_RECURSION = YES;
				CLANG_WARN_INT_CONVERSION = YES;
				CLANG_WARN_NON_LITERAL_NULL_CONVERSION = YES;
				CLANG_WARN_OBJC_IMPLICIT_RETAIN_SELF = YES;
				CLANG_WARN_OBJC_LITERAL_CONVERSION = YES;
				CLANG_WARN_OBJC_ROOT_CLASS = YES_ERROR;
				CLANG_WARN_RANGE_LOOP_ANALYSIS = YES;
				CLANG_WARN_STRICT_PROTOTYPES = YES;
				CLANG_WARN_SUSPICIOUS_MOVE = YES;
				CLANG_WARN_UNGUARDED_AVAILABILITY = YES_AGGRESSIVE;
				CLANG_WARN_UNREACHABLE_CODE = YES;
				CLANG_WARN__DUPLICATE_METHOD_MATCH = YES;
				COPY_PHASE_STRIP = NO;
				DEBUG_INFORMATION_FORMAT = dwarf;
				ENABLE_STRICT_OBJC_MSGSEND = YES;
				ENABLE_TESTABILITY = YES;
				GCC_C_LANGUAGE_STANDARD = gnu11;
				GCC_DYNAMIC_NO_PIC = NO;
				GCC_NO_COMMON_BLOCKS = YES;
				GCC_OPTIMIZATION_LEVEL = 0;
				GCC_PREPROCESSOR_DEFINITIONS = (
					"DEBUG=1",
					"$(inherited)",
				);
				GCC_WARN_64_TO_32_BIT_CONVERSION = YES;
				GCC_WARN_ABOUT_RETURN_TYPE = YES_ERROR;
				GCC_WARN_UNDECLARED_SELECTOR = YES;
				GCC_WARN_UNINITIALIZED_AUTOS = YES_AGGRESSIVE;
				GCC_WARN_UNUSED_FUNCTION = YES;
				GCC_WARN_UNUSED_VARIABLE = YES;
				IPHONEOS_DEPLOYMENT_TARGET = 13.2;
				MTL_ENABLE_DEBUG_INFO = INCLUDE_SOURCE;
				MTL_FAST_MATH = YES;
				ONLY_ACTIVE_ARCH = YES;
				SDKROOT = iphoneos;
				SWIFT_ACTIVE_COMPILATION_CONDITIONS = DEBUG;
				SWIFT_OPTIMIZATION_LEVEL = "-Onone";
			};
			name = Debug;
		};
		B87C8D6F23BEFFFE00997F70 /* Release */ = {
			isa = XCBuildConfiguration;
			buildSettings = {
				ALWAYS_SEARCH_USER_PATHS = NO;
				CLANG_ANALYZER_NONNULL = YES;
				CLANG_ANALYZER_NUMBER_OBJECT_CONVERSION = YES_AGGRESSIVE;
				CLANG_CXX_LANGUAGE_STANDARD = "gnu++14";
				CLANG_CXX_LIBRARY = "libc++";
				CLANG_ENABLE_MODULES = YES;
				CLANG_ENABLE_OBJC_ARC = YES;
				CLANG_ENABLE_OBJC_WEAK = YES;
				CLANG_WARN_BLOCK_CAPTURE_AUTORELEASING = YES;
				CLANG_WARN_BOOL_CONVERSION = YES;
				CLANG_WARN_COMMA = YES;
				CLANG_WARN_CONSTANT_CONVERSION = YES;
				CLANG_WARN_DEPRECATED_OBJC_IMPLEMENTATIONS = YES;
				CLANG_WARN_DIRECT_OBJC_ISA_USAGE = YES_ERROR;
				CLANG_WARN_DOCUMENTATION_COMMENTS = YES;
				CLANG_WARN_EMPTY_BODY = YES;
				CLANG_WARN_ENUM_CONVERSION = YES;
				CLANG_WARN_INFINITE_RECURSION = YES;
				CLANG_WARN_INT_CONVERSION = YES;
				CLANG_WARN_NON_LITERAL_NULL_CONVERSION = YES;
				CLANG_WARN_OBJC_IMPLICIT_RETAIN_SELF = YES;
				CLANG_WARN_OBJC_LITERAL_CONVERSION = YES;
				CLANG_WARN_OBJC_ROOT_CLASS = YES_ERROR;
				CLANG_WARN_RANGE_LOOP_ANALYSIS = YES;
				CLANG_WARN_STRICT_PROTOTYPES = YES;
				CLANG_WARN_SUSPICIOUS_MOVE = YES;
				CLANG_WARN_UNGUARDED_AVAILABILITY = YES_AGGRESSIVE;
				CLANG_WARN_UNREACHABLE_CODE = YES;
				CLANG_WARN__DUPLICATE_METHOD_MATCH = YES;
				COPY_PHASE_STRIP = NO;
				DEBUG_INFORMATION_FORMAT = "dwarf-with-dsym";
				ENABLE_NS_ASSERTIONS = NO;
				ENABLE_STRICT_OBJC_MSGSEND = YES;
				GCC_C_LANGUAGE_STANDARD = gnu11;
				GCC_NO_COMMON_BLOCKS = YES;
				GCC_WARN_64_TO_32_BIT_CONVERSION = YES;
				GCC_WARN_ABOUT_RETURN_TYPE = YES_ERROR;
				GCC_WARN_UNDECLARED_SELECTOR = YES;
				GCC_WARN_UNINITIALIZED_AUTOS = YES_AGGRESSIVE;
				GCC_WARN_UNUSED_FUNCTION = YES;
				GCC_WARN_UNUSED_VARIABLE = YES;
				IPHONEOS_DEPLOYMENT_TARGET = 13.2;
				MTL_ENABLE_DEBUG_INFO = NO;
				MTL_FAST_MATH = YES;
				SDKROOT = iphoneos;
				SWIFT_COMPILATION_MODE = wholemodule;
				SWIFT_OPTIMIZATION_LEVEL = "-O";
				VALIDATE_PRODUCT = YES;
			};
			name = Release;
		};
		B87C8D7123BEFFFE00997F70 /* Debug */ = {
			isa = XCBuildConfiguration;
			buildSettings = {
				ASSETCATALOG_COMPILER_APPICON_NAME = AppIcon;
				CODE_SIGN_STYLE = Automatic;
				INFOPLIST_FILE = Foursquare/Info.plist;
				LD_RUNPATH_SEARCH_PATHS = (
					"$(inherited)",
					"@executable_path/Frameworks",
				);
				PRODUCT_BUNDLE_IDENTIFIER = com.testFoursquare.Foursquare;
				PRODUCT_NAME = "$(TARGET_NAME)";
				SWIFT_VERSION = 5.0;
				TARGETED_DEVICE_FAMILY = "1,2";
			};
			name = Debug;
		};
		B87C8D7223BEFFFE00997F70 /* Release */ = {
			isa = XCBuildConfiguration;
			buildSettings = {
				ASSETCATALOG_COMPILER_APPICON_NAME = AppIcon;
				CODE_SIGN_STYLE = Automatic;
				INFOPLIST_FILE = Foursquare/Info.plist;
				LD_RUNPATH_SEARCH_PATHS = (
					"$(inherited)",
					"@executable_path/Frameworks",
				);
				PRODUCT_BUNDLE_IDENTIFIER = com.testFoursquare.Foursquare;
				PRODUCT_NAME = "$(TARGET_NAME)";
				SWIFT_VERSION = 5.0;
				TARGETED_DEVICE_FAMILY = "1,2";
			};
			name = Release;
		};
/* End XCBuildConfiguration section */

/* Begin XCConfigurationList section */
		B87C8D5723BEFFFD00997F70 /* Build configuration list for PBXProject "Foursquare" */ = {
			isa = XCConfigurationList;
			buildConfigurations = (
				B87C8D6E23BEFFFE00997F70 /* Debug */,
				B87C8D6F23BEFFFE00997F70 /* Release */,
			);
			defaultConfigurationIsVisible = 0;
			defaultConfigurationName = Release;
		};
		B87C8D7023BEFFFE00997F70 /* Build configuration list for PBXNativeTarget "Foursquare" */ = {
			isa = XCConfigurationList;
			buildConfigurations = (
				B87C8D7123BEFFFE00997F70 /* Debug */,
				B87C8D7223BEFFFE00997F70 /* Release */,
			);
			defaultConfigurationIsVisible = 0;
			defaultConfigurationName = Release;
		};
/* End XCConfigurationList section */
	};
	rootObject = B87C8D5423BEFFFD00997F70 /* Project object */;
}
